
Microsoft Visual Studio Solution File, Format Version 12.00
# Visual Studio Version 17
VisualStudioVersion = 17.8.34322.80
MinimumVisualStudioVersion = 10.0.40219.1
Project("{FAE04EC0-301F-11D3-BF4B-00C04F79EFBC}") = "bma_gsm", "bma_gsm\bma_gsm.csproj", "{8F5077A0-AD62-4A26-A398-4EEB4740C6D1}"
EndProject
Global
	GlobalSection(SolutionConfigurationPlatforms) = preSolution
		Debug|Any CPU = Debug|Any CPU
		Release|Any CPU = Release|Any CPU
	EndGlobalSection
	GlobalSection(ProjectConfigurationPlatforms) = postSolution
		{8F5077A0-AD62-4A26-A398-4EEB4740C6D1}.Debug|Any CPU.ActiveCfg = Debug|Any CPU
		{8F5077A0-AD62-4A26-A398-4EEB4740C6D1}.Debug|Any CPU.Build.0 = Debug|Any CPU
		{8F5077A0-AD62-4A26-A398-4EEB4740C6D1}.Release|Any CPU.ActiveCfg = Release|Any CPU
		{8F5077A0-AD62-4A26-A398-4EEB4740C6D1}.Release|Any CPU.Build.0 = Release|Any CPU
	EndGlobalSection
	GlobalSection(SolutionProperties) = preSolution
		HideSolutionNode = FALSE
	EndGlobalSection
	GlobalSection(ExtensibilityGlobals) = postSolution
		SolutionGuid = {EA35633D-8EF2-4133-A875-354A57792108}
	EndGlobalSection
EndGlobal
